document.getElementById("").value = 
document.getElementById("")
document.getElementById("hdAction").value = 


document.getElementById("hdLoggedInUserID")

document.getElementById("hdAction").value = "Sort"
document.getElementById("hdAction").value = "Sort"

document.getElementById("hdSortField").value = vField
document.getElementByIdhdFilterShowHideToggle= 1